
Microsoft Visual Studio Solution File, Format Version 12.00
Project("{FAE04EC0-301F-11D3-BF4B-00C04F79EFBC}") = "IllegalStatesCS", "IllegalStatesCS\IllegalStatesCS.csproj", "{8461BB58-D4A7-4AF4-ADE4-58C5396C1B13}"
EndProject
Project("{F2A71F9B-5D33-465A-A702-920D77279786}") = "IllegalStatesFS", "IllegalStatesFS\IllegalStatesFS.fsproj", "{AC7D27EF-B6D7-4854-AAE7-134C9F230F5E}"
EndProject
Project("{FAE04EC0-301F-11D3-BF4B-00C04F79EFBC}") = "IllegalStatesCS.Tests", "IllegalStatesCS.Tests\IllegalStatesCS.Tests.csproj", "{4E70C1E8-2EF4-4FB1-A656-B736C79DB851}"
EndProject
Project("{F2A71F9B-5D33-465A-A702-920D77279786}") = "IllegalStatesFS.Tests", "IllegalStatesFS.Tests\IllegalStatesFS.Tests.fsproj", "{4A06466D-0213-4585-9043-4122346620C4}"
EndProject
Project("{2150E333-8FDC-42A3-9474-1A3956D46DE8}") = "Solution Items", "Solution Items", "{A0FCA060-248C-4FBF-8503-1C557B1E7192}"
	ProjectSection(SolutionItems) = preProject
		README.md = README.md
	EndProjectSection
EndProject
Global
	GlobalSection(SolutionConfigurationPlatforms) = preSolution
		Debug|Any CPU = Debug|Any CPU
		Release|Any CPU = Release|Any CPU
	EndGlobalSection
	GlobalSection(ProjectConfigurationPlatforms) = postSolution
		{8461BB58-D4A7-4AF4-ADE4-58C5396C1B13}.Debug|Any CPU.ActiveCfg = Debug|Any CPU
		{8461BB58-D4A7-4AF4-ADE4-58C5396C1B13}.Debug|Any CPU.Build.0 = Debug|Any CPU
		{8461BB58-D4A7-4AF4-ADE4-58C5396C1B13}.Release|Any CPU.ActiveCfg = Release|Any CPU
		{8461BB58-D4A7-4AF4-ADE4-58C5396C1B13}.Release|Any CPU.Build.0 = Release|Any CPU
		{AC7D27EF-B6D7-4854-AAE7-134C9F230F5E}.Debug|Any CPU.ActiveCfg = Debug|Any CPU
		{AC7D27EF-B6D7-4854-AAE7-134C9F230F5E}.Debug|Any CPU.Build.0 = Debug|Any CPU
		{AC7D27EF-B6D7-4854-AAE7-134C9F230F5E}.Release|Any CPU.ActiveCfg = Release|Any CPU
		{AC7D27EF-B6D7-4854-AAE7-134C9F230F5E}.Release|Any CPU.Build.0 = Release|Any CPU
		{4E70C1E8-2EF4-4FB1-A656-B736C79DB851}.Debug|Any CPU.ActiveCfg = Debug|Any CPU
		{4E70C1E8-2EF4-4FB1-A656-B736C79DB851}.Debug|Any CPU.Build.0 = Debug|Any CPU
		{4E70C1E8-2EF4-4FB1-A656-B736C79DB851}.Release|Any CPU.ActiveCfg = Release|Any CPU
		{4E70C1E8-2EF4-4FB1-A656-B736C79DB851}.Release|Any CPU.Build.0 = Release|Any CPU
		{4A06466D-0213-4585-9043-4122346620C4}.Debug|Any CPU.ActiveCfg = Debug|Any CPU
		{4A06466D-0213-4585-9043-4122346620C4}.Debug|Any CPU.Build.0 = Debug|Any CPU
		{4A06466D-0213-4585-9043-4122346620C4}.Release|Any CPU.ActiveCfg = Release|Any CPU
		{4A06466D-0213-4585-9043-4122346620C4}.Release|Any CPU.Build.0 = Release|Any CPU
	EndGlobalSection
EndGlobal
